
Microsoft Visual Studio Solution File, Format Version 12.00
# Visual Studio Version 16
VisualStudioVersion = 16.0.31205.134
MinimumVisualStudioVersion = 10.0.40219.1
Project("{FAE04EC0-301F-11D3-BF4B-00C04F79EFBC}") = "TPC_Ferrante_Gonzalez", "TPC_Ferrante_Gonzalez.csproj", "{F717C529-77E6-4EEE-AF01-CD7A9D914025}"
EndProject
Project("{FAE04EC0-301F-11D3-BF4B-00C04F79EFBC}") = "Negocio", "..\Negocio\Negocio.csproj", "{9DE6A011-EE8C-4945-8DC7-E4D63A328385}"
EndProject
Project("{FAE04EC0-301F-11D3-BF4B-00C04F79EFBC}") = "Dominio", "..\Dominio\Dominio.csproj", "{EDC1CA68-7F3A-4E4A-B01C-B5A616A94985}"
EndProject
Project("{FAE04EC0-301F-11D3-BF4B-00C04F79EFBC}") = "Servicios", "..\Servicios\Servicios.csproj", "{724D3BDC-43EC-41C5-A5A2-E04FCFF673D4}"
EndProject
Global
	GlobalSection(SolutionConfigurationPlatforms) = preSolution
		Debug|Any CPU = Debug|Any CPU
		Release|Any CPU = Release|Any CPU
	EndGlobalSection
	GlobalSection(ProjectConfigurationPlatforms) = postSolution
		{F717C529-77E6-4EEE-AF01-CD7A9D914025}.Debug|Any CPU.ActiveCfg = Debug|Any CPU
		{F717C529-77E6-4EEE-AF01-CD7A9D914025}.Debug|Any CPU.Build.0 = Debug|Any CPU
		{F717C529-77E6-4EEE-AF01-CD7A9D914025}.Release|Any CPU.ActiveCfg = Release|Any CPU
		{9DE6A011-EE8C-4945-8DC7-E4D63A328385}.Debug|Any CPU.ActiveCfg = Debug|Any CPU
		{9DE6A011-EE8C-4945-8DC7-E4D63A328385}.Debug|Any CPU.Build.0 = Debug|Any CPU
		{9DE6A011-EE8C-4945-8DC7-E4D63A328385}.Release|Any CPU.ActiveCfg = Release|Any CPU
		{EDC1CA68-7F3A-4E4A-B01C-B5A616A94985}.Debug|Any CPU.ActiveCfg = Debug|Any CPU
		{EDC1CA68-7F3A-4E4A-B01C-B5A616A94985}.Debug|Any CPU.Build.0 = Debug|Any CPU
		{EDC1CA68-7F3A-4E4A-B01C-B5A616A94985}.Release|Any CPU.ActiveCfg = Release|Any CPU
		{724D3BDC-43EC-41C5-A5A2-E04FCFF673D4}.Debug|Any CPU.ActiveCfg = Debug|Any CPU
		{724D3BDC-43EC-41C5-A5A2-E04FCFF673D4}.Debug|Any CPU.Build.0 = Debug|Any CPU
		{724D3BDC-43EC-41C5-A5A2-E04FCFF673D4}.Release|Any CPU.ActiveCfg = Release|Any CPU
	EndGlobalSection
	GlobalSection(SolutionProperties) = preSolution
		HideSolutionNode = FALSE
	EndGlobalSection
	GlobalSection(ExtensibilityGlobals) = postSolution
		SolutionGuid = {CB23ADA9-720E-4184-8D16-A449212FF0DD}
	EndGlobalSection
EndGlobal
